{
  "name": "AIPicture",
  "lockfileVersion": 3,
  "requires": true,
  "packages": {
    "": {
      "dependencies": {
        "default-passive-events": "^2.0.0"
      }
    },
    "node_modules/default-passive-events": {
      "version": "2.0.0",
      "resolved": "https://registry.npmmirror.com/default-passive-events/-/default-passive-events-2.0.0.tgz",
      "integrity": "sha512-eMtt76GpDVngZQ3ocgvRcNCklUMwID1PaNbCNxfpDXuiOXttSh0HzBbda1HU9SIUsDc02vb7g9+3I5tlqe/qMQ=="
    }
  }
}
